
Microsoft Visual Studio Solution File, Format Version 12.00
# Visual Studio Version 17
VisualStudioVersion = 17.0.32126.317
MinimumVisualStudioVersion = 10.0.40219.1
Project("{FAE04EC0-301F-11D3-BF4B-00C04F79EFBC}") = "lb8", "lb8\lb8.csproj", "{BD012D52-5EEF-4FBE-9949-16AC0DA7A152}"
EndProject
Global
	GlobalSection(SolutionConfigurationPlatforms) = preSolution
		Debug|Any CPU = Debug|Any CPU
		Release|Any CPU = Release|Any CPU
	EndGlobalSection
	GlobalSection(ProjectConfigurationPlatforms) = postSolution
		{BD012D52-5EEF-4FBE-9949-16AC0DA7A152}.Debug|Any CPU.ActiveCfg = Debug|Any CPU
		{BD012D52-5EEF-4FBE-9949-16AC0DA7A152}.Debug|Any CPU.Build.0 = Debug|Any CPU
		{BD012D52-5EEF-4FBE-9949-16AC0DA7A152}.Release|Any CPU.ActiveCfg = Release|Any CPU
		{BD012D52-5EEF-4FBE-9949-16AC0DA7A152}.Release|Any CPU.Build.0 = Release|Any CPU
	EndGlobalSection
	GlobalSection(SolutionProperties) = preSolution
		HideSolutionNode = FALSE
	EndGlobalSection
	GlobalSection(ExtensibilityGlobals) = postSolution
		SolutionGuid = {ADEB43E9-025D-43DD-B513-1A9B803CBBEB}
	EndGlobalSection
EndGlobal
